
Microsoft Visual Studio Solution File, Format Version 12.00
# Visual Studio Version 16
VisualStudioVersion = 16.0.32106.194
MinimumVisualStudioVersion = 10.0.40219.1
Project("{FAE04EC0-301F-11D3-BF4B-00C04F79EFBC}") = "CodeFirstFluentApi", "CodeFirstFluentApi\CodeFirstFluentApi.csproj", "{3E95F3F5-D43D-4605-85E8-6237487E6E7C}"
EndProject
Global
	GlobalSection(SolutionConfigurationPlatforms) = preSolution
		Debug|Any CPU = Debug|Any CPU
		Release|Any CPU = Release|Any CPU
	EndGlobalSection
	GlobalSection(ProjectConfigurationPlatforms) = postSolution
		{3E95F3F5-D43D-4605-85E8-6237487E6E7C}.Debug|Any CPU.ActiveCfg = Debug|Any CPU
		{3E95F3F5-D43D-4605-85E8-6237487E6E7C}.Debug|Any CPU.Build.0 = Debug|Any CPU
		{3E95F3F5-D43D-4605-85E8-6237487E6E7C}.Release|Any CPU.ActiveCfg = Release|Any CPU
		{3E95F3F5-D43D-4605-85E8-6237487E6E7C}.Release|Any CPU.Build.0 = Release|Any CPU
	EndGlobalSection
	GlobalSection(SolutionProperties) = preSolution
		HideSolutionNode = FALSE
	EndGlobalSection
	GlobalSection(ExtensibilityGlobals) = postSolution
		SolutionGuid = {8C3C5CF4-149D-4673-A1CF-300AB9FBA45E}
	EndGlobalSection
EndGlobal
